
Microsoft Visual Studio Solution File, Format Version 12.00
Project("{FAE04EC0-301F-11D3-BF4B-00C04F79EFBC}") = "The World", "The World.csproj", "{2DEBF5D0-EBEA-4339-ADAD-6CB1069B2571}"
EndProject
Global
	GlobalSection(SolutionConfigurationPlatforms) = preSolution
		Debug|Any CPU = Debug|Any CPU
		Release|Any CPU = Release|Any CPU
	EndGlobalSection
	GlobalSection(ProjectConfigurationPlatforms) = postSolution
		{2DEBF5D0-EBEA-4339-ADAD-6CB1069B2571}.Debug|Any CPU.ActiveCfg = Debug|Any CPU
		{2DEBF5D0-EBEA-4339-ADAD-6CB1069B2571}.Debug|Any CPU.Build.0 = Debug|Any CPU
		{2DEBF5D0-EBEA-4339-ADAD-6CB1069B2571}.Release|Any CPU.ActiveCfg = Release|Any CPU
		{2DEBF5D0-EBEA-4339-ADAD-6CB1069B2571}.Release|Any CPU.Build.0 = Release|Any CPU
	EndGlobalSection
EndGlobal
